// !$*UTF8*$!
{
	archiveVersion = 1;
	classes = {
	};
	objectVersion = 46;
	objects = {

/* Begin PBXBuildFile section */
		9D20663A1D1BC7460051110A /* 首饰.jpg in Resources */ = {isa = PBXBuildFile; fileRef = 9D2066391D1BC7460051110A /* 首饰.jpg */; };
		9DC2B4041D18D13900FA794E /* main.m in Sources */ = {isa = PBXBuildFile; fileRef = 9DC2B4031D18D13900FA794E /* main.m */; };
		9DC2B4071D18D13900FA794E /* AppDelegate.m in Sources */ = {isa = PBXBuildFile; fileRef = 9DC2B4061D18D13900FA794E /* AppDelegate.m */; };
		9DC2B40A1D18D13900FA794E /* ViewController.m in Sources */ = {isa = PBXBuildFile; fileRef = 9DC2B4091D18D13900FA794E /* ViewController.m */; };
		9DC2B40D1D18D13900FA794E /* Main.storyboard in Resources */ = {isa = PBXBuildFile; fileRef = 9DC2B40B1D18D13900FA794E /* Main.storyboard */; };
		9DC2B40F1D18D13900FA794E /* Assets.xcassets in Resources */ = {isa = PBXBuildFile; fileRef = 9DC2B40E1D18D13900FA794E /* Assets.xcassets */; };
		9DC2B4121D18D13900FA794E /* LaunchScreen.storyboard in Resources */ = {isa = PBXBuildFile; fileRef = 9DC2B4101D18D13900FA794E /* LaunchScreen.storyboard */; };
		9DC2B41D1D18D13900FA794E /* weiboSDKDemoTests.m in Sources */ = {isa = PBXBuildFile; fileRef = 9DC2B41C1D18D13900FA794E /* weiboSDKDemoTests.m */; };
		9DC2B4281D18D13900FA794E /* weiboSDKDemoUITests.m in Sources */ = {isa = PBXBuildFile; fileRef = 9DC2B4271D18D13900FA794E /* weiboSDKDemoUITests.m */; };
		9DC2B4431D18D1BC00FA794E /* libWeiboSDK.a in Frameworks */ = {isa = PBXBuildFile; fileRef = 9DC2B4361D18D1BC00FA794E /* libWeiboSDK.a */; };
		9DC2B4441D18D1BC00FA794E /* WeiboSDK.bundle in Resources */ = {isa = PBXBuildFile; fileRef = 9DC2B4401D18D1BC00FA794E /* WeiboSDK.bundle */; };
		9DC2B4461D190E0400FA794E /* CoreTelephony.framework in Frameworks */ = {isa = PBXBuildFile; fileRef = 9DC2B4451D190E0400FA794E /* CoreTelephony.framework */; };
		9DC2B4481D190E0A00FA794E /* CoreText.framework in Frameworks */ = {isa = PBXBuildFile; fileRef = 9DC2B4471D190E0A00FA794E /* CoreText.framework */; };
		9DC2B44A1D190E1200FA794E /* QuartzCore.framework in Frameworks */ = {isa = PBXBuildFile; fileRef = 9DC2B4491D190E1200FA794E /* QuartzCore.framework */; };
		9DC2B44C1D190E1800FA794E /* ImageIO.framework in Frameworks */ = {isa = PBXBuildFile; fileRef = 9DC2B44B1D190E1800FA794E /* ImageIO.framework */; };
		9DC2B44E1D190E1D00FA794E /* SystemConfiguration.framework in Frameworks */ = {isa = PBXBuildFile; fileRef = 9DC2B44D1D190E1D00FA794E /* SystemConfiguration.framework */; };
		9DC2B4501D190E2900FA794E /* Security.framework in Frameworks */ = {isa = PBXBuildFile; fileRef = 9DC2B44F1D190E2900FA794E /* Security.framework */; };
		9DC2B4521D190E3000FA794E /* UIKit.framework in Frameworks */ = {isa = PBXBuildFile; fileRef = 9DC2B4511D190E3000FA794E /* UIKit.framework */; };
		9DC2B4541D190E3800FA794E /* Foundation.framework in Frameworks */ = {isa = PBXBuildFile; fileRef = 9DC2B4531D190E3800FA794E /* Foundation.framework */; };
		9DC2B4561D190E3E00FA794E /* CoreGraphics.framework in Frameworks */ = {isa = PBXBuildFile; fileRef = 9DC2B4551D190E3E00FA794E /* CoreGraphics.framework */; };
		9DC2B4581D190EDA00FA794E /* libz.tbd in Frameworks */ = {isa = PBXBuildFile; fileRef = 9DC2B4571D190EDA00FA794E /* libz.tbd */; };
		9DC2B45A1D190EE100FA794E /* libsqlite3.tbd in Frameworks */ = {isa = PBXBuildFile; fileRef = 9DC2B4591D190EE100FA794E /* libsqlite3.tbd */; };
		9DC2B45C1D191D3000FA794E /* libc++abi.tbd in Frameworks */ = {isa = PBXBuildFile; fileRef = 9DC2B45B1D191D3000FA794E /* libc++abi.tbd */; };
/* End PBXBuildFile section */

/* Begin PBXContainerItemProxy section */
		9DC2B4191D18D13900FA794E /* PBXContainerItemProxy */ = {
			isa = PBXContainerItemProxy;
			containerPortal = 9DC2B3F71D18D13800FA794E /* Project object */;
			proxyType = 1;
			remoteGlobalIDString = 9DC2B3FE1D18D13800FA794E;
			remoteInfo = weiboSDKDemo;
		};
		9DC2B4241D18D13900FA794E /* PBXContainerItemProxy */ = {
			isa = PBXContainerItemProxy;
			containerPortal = 9DC2B3F71D18D13800FA794E /* Project object */;
			proxyType = 1;
			remoteGlobalIDString = 9DC2B3FE1D18D13800FA794E;
			remoteInfo = weiboSDKDemo;
		};
/* End PBXContainerItemProxy section */

/* Begin PBXFileReference section */
		9D2066391D1BC7460051110A /* 首饰.jpg */ = {isa = PBXFileReference; lastKnownFileType = image.jpeg; name = "首饰.jpg"; path = "weiboSdk/首饰.jpg"; sourceTree = "<group>"; };
		9DC2B3FF1D18D13800FA794E /* weiboSDKDemo.app */ = {isa = PBXFileReference; explicitFileType = wrapper.application; includeInIndex = 0; path = weiboSDKDemo.app; sourceTree = BUILT_PRODUCTS_DIR; };
		9DC2B4031D18D13900FA794E /* main.m */ = {isa = PBXFileReference; lastKnownFileType = sourcecode.c.objc; path = main.m; sourceTree = "<group>"; };
		9DC2B4051D18D13900FA794E /* AppDelegate.h */ = {isa = PBXFileReference; lastKnownFileType = sourcecode.c.h; path = AppDelegate.h; sourceTree = "<group>"; };
		9DC2B4061D18D13900FA794E /* AppDelegate.m */ = {isa = PBXFileReference; lastKnownFileType = sourcecode.c.objc; path = AppDelegate.m; sourceTree = "<group>"; };
		9DC2B4081D18D13900FA794E /* ViewController.h */ = {isa = PBXFileReference; lastKnownFileType = sourcecode.c.h; path = ViewController.h; sourceTree = "<group>"; };
		9DC2B4091D18D13900FA794E /* ViewController.m */ = {isa = PBXFileReference; lastKnownFileType = sourcecode.c.objc; path = ViewController.m; sourceTree = "<group>"; };
		9DC2B40C1D18D13900FA794E /* Base */ = {isa = PBXFileReference; lastKnownFileType = file.storyboard; name = Base; path = Base.lproj/Main.storyboard; sourceTree = "<group>"; };
		9DC2B40E1D18D13900FA794E /* Assets.xcassets */ = {isa = PBXFileReference; lastKnownFileType = folder.assetcatalog; path = Assets.xcassets; sourceTree = "<group>"; };
		9DC2B4111D18D13900FA794E /* Base */ = {isa = PBXFileReference; lastKnownFileType = file.storyboard; name = Base; path = Base.lproj/LaunchScreen.storyboard; sourceTree = "<group>"; };
		9DC2B4131D18D13900FA794E /* Info.plist */ = {isa = PBXFileReference; lastKnownFileType = text.plist.xml; path = Info.plist; sourceTree = "<group>"; };
		9DC2B4181D18D13900FA794E /* weiboSDKDemoTests.xctest */ = {isa = PBXFileReference; explicitFileType = wrapper.cfbundle; includeInIndex = 0; path = weiboSDKDemoTests.xctest; sourceTree = BUILT_PRODUCTS_DIR; };
		9DC2B41C1D18D13900FA794E /* weiboSDKDemoTests.m */ = {isa = PBXFileReference; lastKnownFileType = sourcecode.c.objc; path = weiboSDKDemoTests.m; sourceTree = "<group>"; };
		9DC2B41E1D18D13900FA794E /* Info.plist */ = {isa = PBXFileReference; lastKnownFileType = text.plist.xml; path = Info.plist; sourceTree = "<group>"; };
		9DC2B4231D18D13900FA794E /* weiboSDKDemoUITests.xctest */ = {isa = PBXFileReference; explicitFileType = wrapper.cfbundle; includeInIndex = 0; path = weiboSDKDemoUITests.xctest; sourceTree = BUILT_PRODUCTS_DIR; };
		9DC2B4271D18D13900FA794E /* weiboSDKDemoUITests.m */ = {isa = PBXFileReference; lastKnownFileType = sourcecode.c.objc; path = weiboSDKDemoUITests.m; sourceTree = "<group>"; };
		9DC2B4291D18D13900FA794E /* Info.plist */ = {isa = PBXFileReference; lastKnownFileType = text.plist.xml; path = Info.plist; sourceTree = "<group>"; };
		9DC2B4361D18D1BC00FA794E /* libWeiboSDK.a */ = {isa = PBXFileReference; lastKnownFileType = archive.ar; path = libWeiboSDK.a; sourceTree = "<group>"; };
		9DC2B4371D18D1BC00FA794E /* WBHttpRequest+WeiboGame.h */ = {isa = PBXFileReference; fileEncoding = 4; lastKnownFileType = sourcecode.c.h; path = "WBHttpRequest+WeiboGame.h"; sourceTree = "<group>"; };
		9DC2B4381D18D1BC00FA794E /* WBHttpRequest+WeiboShare.h */ = {isa = PBXFileReference; fileEncoding = 4; lastKnownFileType = sourcecode.c.h; path = "WBHttpRequest+WeiboShare.h"; sourceTree = "<group>"; };
		9DC2B4391D18D1BC00FA794E /* WBHttpRequest+WeiboToken.h */ = {isa = PBXFileReference; fileEncoding = 4; lastKnownFileType = sourcecode.c.h; path = "WBHttpRequest+WeiboToken.h"; sourceTree = "<group>"; };
		9DC2B43A1D18D1BC00FA794E /* WBHttpRequest+WeiboUser.h */ = {isa = PBXFileReference; fileEncoding = 4; lastKnownFileType = sourcecode.c.h; path = "WBHttpRequest+WeiboUser.h"; sourceTree = "<group>"; };
		9DC2B43B1D18D1BC00FA794E /* WBHttpRequest.h */ = {isa = PBXFileReference; fileEncoding = 4; lastKnownFileType = sourcecode.c.h; path = WBHttpRequest.h; sourceTree = "<group>"; };
		9DC2B43C1D18D1BC00FA794E /* WBSDKBasicButton.h */ = {isa = PBXFileReference; fileEncoding = 4; lastKnownFileType = sourcecode.c.h; path = WBSDKBasicButton.h; sourceTree = "<group>"; };
		9DC2B43D1D18D1BC00FA794E /* WBSDKCommentButton.h */ = {isa = PBXFileReference; fileEncoding = 4; lastKnownFileType = sourcecode.c.h; path = WBSDKCommentButton.h; sourceTree = "<group>"; };
		9DC2B43E1D18D1BC00FA794E /* WBSDKRelationshipButton.h */ = {isa = PBXFileReference; fileEncoding = 4; lastKnownFileType = sourcecode.c.h; path = WBSDKRelationshipButton.h; sourceTree = "<group>"; };
		9DC2B43F1D18D1BC00FA794E /* WeiboSDK+Statistics.h */ = {isa = PBXFileReference; fileEncoding = 4; lastKnownFileType = sourcecode.c.h; path = "WeiboSDK+Statistics.h"; sourceTree = "<group>"; };
		9DC2B4401D18D1BC00FA794E /* WeiboSDK.bundle */ = {isa = PBXFileReference; lastKnownFileType = "wrapper.plug-in"; path = WeiboSDK.bundle; sourceTree = "<group>"; };
		9DC2B4411D18D1BC00FA794E /* WeiboSDK.h */ = {isa = PBXFileReference; fileEncoding = 4; lastKnownFileType = sourcecode.c.h; path = WeiboSDK.h; sourceTree = "<group>"; };
		9DC2B4421D18D1BC00FA794E /* WeiboUser.h */ = {isa = PBXFileReference; fileEncoding = 4; lastKnownFileType = sourcecode.c.h; path = WeiboUser.h; sourceTree = "<group>"; };
		9DC2B4451D190E0400FA794E /* CoreTelephony.framework */ = {isa = PBXFileReference; lastKnownFileType = wrapper.framework; name = CoreTelephony.framework; path = System/Library/Frameworks/CoreTelephony.framework; sourceTree = SDKROOT; };
		9DC2B4471D190E0A00FA794E /* CoreText.framework */ = {isa = PBXFileReference; lastKnownFileType = wrapper.framework; name = CoreText.framework; path = System/Library/Frameworks/CoreText.framework; sourceTree = SDKROOT; };
		9DC2B4491D190E1200FA794E /* QuartzCore.framework */ = {isa = PBXFileReference; lastKnownFileType = wrapper.framework; name = QuartzCore.framework; path = System/Library/Frameworks/QuartzCore.framework; sourceTree = SDKROOT; };
		9DC2B44B1D190E1800FA794E /* ImageIO.framework */ = {isa = PBXFileReference; lastKnownFileType = wrapper.framework; name = ImageIO.framework; path = System/Library/Frameworks/ImageIO.framework; sourceTree = SDKROOT; };
		9DC2B44D1D190E1D00FA794E /* SystemConfiguration.framework */ = {isa = PBXFileReference; lastKnownFileType = wrapper.framework; name = SystemConfiguration.framework; path = System/Library/Frameworks/SystemConfiguration.framework; sourceTree = SDKROOT; };
		9DC2B44F1D190E2900FA794E /* Security.framework */ = {isa = PBXFileReference; lastKnownFileType = wrapper.framework; name = Security.framework; path = System/Library/Frameworks/Security.framework; sourceTree = SDKROOT; };
		9DC2B4511D190E3000FA794E /* UIKit.framework */ = {isa = PBXFileReference; lastKnownFileType = wrapper.framework; name = UIKit.framework; path = System/Library/Frameworks/UIKit.framework; sourceTree = SDKROOT; };
		9DC2B4531D190E3800FA794E /* Foundation.framework */ = {isa = PBXFileReference; lastKnownFileType = wrapper.framework; name = Foundation.framework; path = System/Library/Frameworks/Foundation.framework; sourceTree = SDKROOT; };
		9DC2B4551D190E3E00FA794E /* CoreGraphics.framework */ = {isa = PBXFileReference; lastKnownFileType = wrapper.framework; name = CoreGraphics.framework; path = System/Library/Frameworks/CoreGraphics.framework; sourceTree = SDKROOT; };
		9DC2B4571D190EDA00FA794E /* libz.tbd */ = {isa = PBXFileReference; lastKnownFileType = "sourcecode.text-based-dylib-definition"; name = libz.tbd; path = usr/lib/libz.tbd; sourceTree = SDKROOT; };
		9DC2B4591D190EE100FA794E /* libsqlite3.tbd */ = {isa = PBXFileReference; lastKnownFileType = "sourcecode.text-based-dylib-definition"; name = libsqlite3.tbd; path = usr/lib/libsqlite3.tbd; sourceTree = SDKROOT; };
		9DC2B45B1D191D3000FA794E /* libc++abi.tbd */ = {isa = PBXFileReference; lastKnownFileType = "sourcecode.text-based-dylib-definition"; name = "libc++abi.tbd"; path = "usr/lib/libc++abi.tbd"; sourceTree = SDKROOT; };
/* End PBXFileReference section */

/* Begin PBXFrameworksBuildPhase section */
		9DC2B3FC1D18D13800FA794E /* Frameworks */ = {
			isa = PBXFrameworksBuildPhase;
			buildActionMask = 2147483647;
			files = (
				9DC2B45C1D191D3000FA794E /* libc++abi.tbd in Frameworks */,
				9DC2B45A1D190EE100FA794E /* libsqlite3.tbd in Frameworks */,
				9DC2B4581D190EDA00FA794E /* libz.tbd in Frameworks */,
				9DC2B4561D190E3E00FA794E /* CoreGraphics.framework in Frameworks */,
				9DC2B4541D190E3800FA794E /* Foundation.framework in Frameworks */,
				9DC2B4521D190E3000FA794E /* UIKit.framework in Frameworks */,
				9DC2B4501D190E2900FA794E /* Security.framework in Frameworks */,
				9DC2B44E1D190E1D00FA794E /* SystemConfiguration.framework in Frameworks */,
				9DC2B44C1D190E1800FA794E /* ImageIO.framework in Frameworks */,
				9DC2B44A1D190E1200FA794E /* QuartzCore.framework in Frameworks */,
				9DC2B4481D190E0A00FA794E /* CoreText.framework in Frameworks */,
				9DC2B4461D190E0400FA794E /* CoreTelephony.framework in Frameworks */,
				9DC2B4431D18D1BC00FA794E /* libWeiboSDK.a in Frameworks */,
			);
			runOnlyForDeploymentPostprocessing = 0;
		};
		9DC2B4151D18D13900FA794E /* Frameworks */ = {
			isa = PBXFrameworksBuildPhase;
			buildActionMask = 2147483647;
			files = (
			);
			runOnlyForDeploymentPostprocessing = 0;
		};
		9DC2B4201D18D13900FA794E /* Frameworks */ = {
			isa = PBXFrameworksBuildPhase;
			buildActionMask = 2147483647;
			files = (
			);
			runOnlyForDeploymentPostprocessing = 0;
		};
/* End PBXFrameworksBuildPhase section */

/* Begin PBXGroup section */
		9DC2B3F61D18D13800FA794E = {
			isa = PBXGroup;
			children = (
				9DC2B45B1D191D3000FA794E /* libc++abi.tbd */,
				9DC2B4011D18D13900FA794E /* weiboSDKDemo */,
				9DC2B41B1D18D13900FA794E /* weiboSDKDemoTests */,
				9DC2B4261D18D13900FA794E /* weiboSDKDemoUITests */,
				9DC2B4001D18D13800FA794E /* Products */,
			);
			sourceTree = "<group>";
		};
		9DC2B4001D18D13800FA794E /* Products */ = {
			isa = PBXGroup;
			children = (
				9DC2B3FF1D18D13800FA794E /* weiboSDKDemo.app */,
				9DC2B4181D18D13900FA794E /* weiboSDKDemoTests.xctest */,
				9DC2B4231D18D13900FA794E /* weiboSDKDemoUITests.xctest */,
			);
			name = Products;
			sourceTree = "<group>";
		};
		9DC2B4011D18D13900FA794E /* weiboSDKDemo */ = {
			isa = PBXGroup;
			children = (
				9DC2B4351D18D1BC00FA794E /* weiboSdk */,
				9DC2B4051D18D13900FA794E /* AppDelegate.h */,
				9DC2B4061D18D13900FA794E /* AppDelegate.m */,
				9DC2B4081D18D13900FA794E /* ViewController.h */,
				9DC2B4091D18D13900FA794E /* ViewController.m */,
				9D2066391D1BC7460051110A /* 首饰.jpg */,
				9DC2B40B1D18D13900FA794E /* Main.storyboard */,
				9DC2B40E1D18D13900FA794E /* Assets.xcassets */,
				9DC2B4101D18D13900FA794E /* LaunchScreen.storyboard */,
				9DC2B4131D18D13900FA794E /* Info.plist */,
				9DC2B4021D18D13900FA794E /* Supporting Files */,
			);
			path = weiboSDKDemo;
			sourceTree = "<group>";
		};
		9DC2B4021D18D13900FA794E /* Supporting Files */ = {
			isa = PBXGroup;
			children = (
				9DC2B4591D190EE100FA794E /* libsqlite3.tbd */,
				9DC2B4571D190EDA00FA794E /* libz.tbd */,
				9DC2B4551D190E3E00FA794E /* CoreGraphics.framework */,
				9DC2B4531D190E3800FA794E /* Foundation.framework */,
				9DC2B4511D190E3000FA794E /* UIKit.framework */,
				9DC2B44F1D190E2900FA794E /* Security.framework */,
				9DC2B44D1D190E1D00FA794E /* SystemConfiguration.framework */,
				9DC2B44B1D190E1800FA794E /* ImageIO.framework */,
				9DC2B4491D190E1200FA794E /* QuartzCore.framework */,
				9DC2B4471D190E0A00FA794E /* CoreText.framework */,
				9DC2B4451D190E0400FA794E /* CoreTelephony.framework */,
				9DC2B4031D18D13900FA794E /* main.m */,
			);
			name = "Supporting Files";
			sourceTree = "<group>";
		};
		9DC2B41B1D18D13900FA794E /* weiboSDKDemoTests */ = {
			isa = PBXGroup;
			children = (
				9DC2B41C1D18D13900FA794E /* weiboSDKDemoTests.m */,
				9DC2B41E1D18D13900FA794E /* Info.plist */,
			);
			path = weiboSDKDemoTests;
			sourceTree = "<group>";
		};
		9DC2B4261D18D13900FA794E /* weiboSDKDemoUITests */ = {
			isa = PBXGroup;
			children = (
				9DC2B4271D18D13900FA794E /* weiboSDKDemoUITests.m */,
				9DC2B4291D18D13900FA794E /* Info.plist */,
			);
			path = weiboSDKDemoUITests;
			sourceTree = "<group>";
		};
		9DC2B4351D18D1BC00FA794E /* weiboSdk */ = {
			isa = PBXGroup;
			children = (
				9DC2B4361D18D1BC00FA794E /* libWeiboSDK.a */,
				9DC2B4371D18D1BC00FA794E /* WBHttpRequest+WeiboGame.h */,
				9DC2B4381D18D1BC00FA794E /* WBHttpRequest+WeiboShare.h */,
				9DC2B4391D18D1BC00FA794E /* WBHttpRequest+WeiboToken.h */,
				9DC2B43A1D18D1BC00FA794E /* WBHttpRequest+WeiboUser.h */,
				9DC2B43B1D18D1BC00FA794E /* WBHttpRequest.h */,
				9DC2B43C1D18D1BC00FA794E /* WBSDKBasicButton.h */,
				9DC2B43D1D18D1BC00FA794E /* WBSDKCommentButton.h */,
				9DC2B43E1D18D1BC00FA794E /* WBSDKRelationshipButton.h */,
				9DC2B43F1D18D1BC00FA794E /* WeiboSDK+Statistics.h */,
				9DC2B4401D18D1BC00FA794E /* WeiboSDK.bundle */,
				9DC2B4411D18D1BC00FA794E /* WeiboSDK.h */,
				9DC2B4421D18D1BC00FA794E /* WeiboUser.h */,
			);
			path = weiboSdk;
			sourceTree = "<group>";
		};
/* End PBXGroup section */

/* Begin PBXNativeTarget section */
		9DC2B3FE1D18D13800FA794E /* weiboSDKDemo */ = {
			isa = PBXNativeTarget;
			buildConfigurationList = 9DC2B42C1D18D13900FA794E /* Build configuration list for PBXNativeTarget "weiboSDKDemo" */;
			buildPhases = (
				9DC2B3FB1D18D13800FA794E /* Sources */,
				9DC2B3FD1D18D13800FA794E /* Resources */,
				9DC2B3FC1D18D13800FA794E /* Frameworks */,
			);
			buildRules = (
			);
			dependencies = (
			);
			name = weiboSDKDemo;
			productName = weiboSDKDemo;
			productReference = 9DC2B3FF1D18D13800FA794E /* weiboSDKDemo.app */;
			productType = "com.apple.product-type.application";
		};
		9DC2B4171D18D13900FA794E /* weiboSDKDemoTests */ = {
			isa = PBXNativeTarget;
			buildConfigurationList = 9DC2B42F1D18D13900FA794E /* Build configuration list for PBXNativeTarget "weiboSDKDemoTests" */;
			buildPhases = (
				9DC2B4141D18D13900FA794E /* Sources */,
				9DC2B4151D18D13900FA794E /* Frameworks */,
				9DC2B4161D18D13900FA794E /* Resources */,
			);
			buildRules = (
			);
			dependencies = (
				9DC2B41A1D18D13900FA794E /* PBXTargetDependency */,
			);
			name = weiboSDKDemoTests;
			productName = weiboSDKDemoTests;
			productReference = 9DC2B4181D18D13900FA794E /* weiboSDKDemoTests.xctest */;
			productType = "com.apple.product-type.bundle.unit-test";
		};
		9DC2B4221D18D13900FA794E /* weiboSDKDemoUITests */ = {
			isa = PBXNativeTarget;
			buildConfigurationList = 9DC2B4321D18D13900FA794E /* Build configuration list for PBXNativeTarget "weiboSDKDemoUITests" */;
			buildPhases = (
				9DC2B41F1D18D13900FA794E /* Sources */,
				9DC2B4201D18D13900FA794E /* Frameworks */,
				9DC2B4211D18D13900FA794E /* Resources */,
			);
			buildRules = (
			);
			dependencies = (
				9DC2B4251D18D13900FA794E /* PBXTargetDependency */,
			);
			name = weiboSDKDemoUITests;
			productName = weiboSDKDemoUITests;
			productReference = 9DC2B4231D18D13900FA794E /* weiboSDKDemoUITests.xctest */;
			productType = "com.apple.product-type.bundle.ui-testing";
		};
/* End PBXNativeTarget section */

/* Begin PBXProject section */
		9DC2B3F71D18D13800FA794E /* Project object */ = {
			isa = PBXProject;
			attributes = {
				LastUpgradeCheck = 0730;
				ORGANIZATIONNAME = BateOrganization;
				TargetAttributes = {
					9DC2B3FE1D18D13800FA794E = {
						CreatedOnToolsVersion = 7.3;
						DevelopmentTeam = SCD6C9BX76;
					};
					9DC2B4171D18D13900FA794E = {
						CreatedOnToolsVersion = 7.3;
						TestTargetID = 9DC2B3FE1D18D13800FA794E;
					};
					9DC2B4221D18D13900FA794E = {
						CreatedOnToolsVersion = 7.3;
						TestTargetID = 9DC2B3FE1D18D13800FA794E;
					};
				};
			};
			buildConfigurationList = 9DC2B3FA1D18D13800FA794E /* Build configuration list for PBXProject "weiboSDKDemo" */;
			compatibilityVersion = "Xcode 3.2";
			developmentRegion = English;
			hasScannedForEncodings = 0;
			knownRegions = (
				en,
				Base,
			);
			mainGroup = 9DC2B3F61D18D13800FA794E;
			productRefGroup = 9DC2B4001D18D13800FA794E /* Products */;
			projectDirPath = "";
			projectRoot = "";
			targets = (
				9DC2B3FE1D18D13800FA794E /* weiboSDKDemo */,
				9DC2B4171D18D13900FA794E /* weiboSDKDemoTests */,
				9DC2B4221D18D13900FA794E /* weiboSDKDemoUITests */,
			);
		};
/* End PBXProject section */

/* Begin PBXResourcesBuildPhase section */
		9DC2B3FD1D18D13800FA794E /* Resources */ = {
			isa = PBXResourcesBuildPhase;
			buildActionMask = 2147483647;
			files = (
				9D20663A1D1BC7460051110A /* 首饰.jpg in Resources */,
				9DC2B4121D18D13900FA794E /* LaunchScreen.storyboard in Resources */,
				9DC2B40F1D18D13900FA794E /* Assets.xcassets in Resources */,
				9DC2B40D1D18D13900FA794E /* Main.storyboard in Resources */,
				9DC2B4441D18D1BC00FA794E /* WeiboSDK.bundle in Resources */,
			);
			runOnlyForDeploymentPostprocessing = 0;
		};
		9DC2B4161D18D13900FA794E /* Resources */ = {
			isa = PBXResourcesBuildPhase;
			buildActionMask = 2147483647;
			files = (
			);
			runOnlyForDeploymentPostprocessing = 0;
		};
		9DC2B4211D18D13900FA794E /* Resources */ = {
			isa = PBXResourcesBuildPhase;
			buildActionMask = 2147483647;
			files = (
			);
			runOnlyForDeploymentPostprocessing = 0;
		};
/* End PBXResourcesBuildPhase section */

/* Begin PBXSourcesBuildPhase section */
		9DC2B3FB1D18D13800FA794E /* Sources */ = {
			isa = PBXSourcesBuildPhase;
			buildActionMask = 2147483647;
			files = (
				9DC2B40A1D18D13900FA794E /* ViewController.m in Sources */,
				9DC2B4071D18D13900FA794E /* AppDelegate.m in Sources */,
				9DC2B4041D18D13900FA794E /* main.m in Sources */,
			);
			runOnlyForDeploymentPostprocessing = 0;
		};
		9DC2B4141D18D13900FA794E /* Sources */ = {
			isa = PBXSourcesBuildPhase;
			buildActionMask = 2147483647;
			files = (
				9DC2B41D1D18D13900FA794E /* weiboSDKDemoTests.m in Sources */,
			);
			runOnlyForDeploymentPostprocessing = 0;
		};
		9DC2B41F1D18D13900FA794E /* Sources */ = {
			isa = PBXSourcesBuildPhase;
			buildActionMask = 2147483647;
			files = (
				9DC2B4281D18D13900FA794E /* weiboSDKDemoUITests.m in Sources */,
			);
			runOnlyForDeploymentPostprocessing = 0;
		};
/* End PBXSourcesBuildPhase section */

/* Begin PBXTargetDependency section */
		9DC2B41A1D18D13900FA794E /* PBXTargetDependency */ = {
			isa = PBXTargetDependency;
			target = 9DC2B3FE1D18D13800FA794E /* weiboSDKDemo */;
			targetProxy = 9DC2B4191D18D13900FA794E /* PBXContainerItemProxy */;
		};
		9DC2B4251D18D13900FA794E /* PBXTargetDependency */ = {
			isa = PBXTargetDependency;
			target = 9DC2B3FE1D18D13800FA794E /* weiboSDKDemo */;
			targetProxy = 9DC2B4241D18D13900FA794E /* PBXContainerItemProxy */;
		};
/* End PBXTargetDependency section */

/* Begin PBXVariantGroup section */
		9DC2B40B1D18D13900FA794E /* Main.storyboard */ = {
			isa = PBXVariantGroup;
			children = (
				9DC2B40C1D18D13900FA794E /* Base */,
			);
			name = Main.storyboard;
			sourceTree = "<group>";
		};
		9DC2B4101D18D13900FA794E /* LaunchScreen.storyboard */ = {
			isa = PBXVariantGroup;
			children = (
				9DC2B4111D18D13900FA794E /* Base */,
			);
			name = LaunchScreen.storyboard;
			sourceTree = "<group>";
		};
/* End PBXVariantGroup section */

/* Begin XCBuildConfiguration section */
		9DC2B42A1D18D13900FA794E /* Debug */ = {
			isa = XCBuildConfiguration;
			buildSettings = {
				ALWAYS_SEARCH_USER_PATHS = NO;
				CLANG_ANALYZER_NONNULL = YES;
				CLANG_CXX_LANGUAGE_STANDARD = "gnu++0x";
				CLANG_CXX_LIBRARY = "libc++";
				CLANG_ENABLE_MODULES = YES;
				CLANG_ENABLE_OBJC_ARC = YES;
				CLANG_WARN_BOOL_CONVERSION = YES;
				CLANG_WARN_CONSTANT_CONVERSION = YES;
				CLANG_WARN_DIRECT_OBJC_ISA_USAGE = YES_ERROR;
				CLANG_WARN_EMPTY_BODY = YES;
				CLANG_WARN_ENUM_CONVERSION = YES;
				CLANG_WARN_INT_CONVERSION = YES;
				CLANG_WARN_OBJC_ROOT_CLASS = YES_ERROR;
				CLANG_WARN_UNREACHABLE_CODE = YES;
				CLANG_WARN__DUPLICATE_METHOD_MATCH = YES;
				"CODE_SIGN_IDENTITY[sdk=iphoneos*]" = "iPhone Developer";
				COPY_PHASE_STRIP = NO;
				DEBUG_INFORMATION_FORMAT = dwarf;
				ENABLE_STRICT_OBJC_MSGSEND = YES;
				ENABLE_TESTABILITY = YES;
				GCC_C_LANGUAGE_STANDARD = gnu99;
				GCC_DYNAMIC_NO_PIC = NO;
				GCC_NO_COMMON_BLOCKS = YES;
				GCC_OPTIMIZATION_LEVEL = 0;
				GCC_PREPROCESSOR_DEFINITIONS = (
					"DEBUG=1",
					"$(inherited)",
				);
				GCC_WARN_64_TO_32_BIT_CONVERSION = YES;
				GCC_WARN_ABOUT_RETURN_TYPE = YES_ERROR;
				GCC_WARN_UNDECLARED_SELECTOR = YES;
				GCC_WARN_UNINITIALIZED_AUTOS = YES_AGGRESSIVE;
				GCC_WARN_UNUSED_FUNCTION = YES;
				GCC_WARN_UNUSED_VARIABLE = YES;
				IPHONEOS_DEPLOYMENT_TARGET = 9.3;
				MTL_ENABLE_DEBUG_INFO = YES;
				ONLY_ACTIVE_ARCH = YES;
				SDKROOT = iphoneos;
			};
			name = Debug;
		};
		9DC2B42B1D18D13900FA794E /* Release */ = {
			isa = XCBuildConfiguration;
			buildSettings = {
				ALWAYS_SEARCH_USER_PATHS = NO;
				CLANG_ANALYZER_NONNULL = YES;
				CLANG_CXX_LANGUAGE_STANDARD = "gnu++0x";
				CLANG_CXX_LIBRARY = "libc++";
				CLANG_ENABLE_MODULES = YES;
				CLANG_ENABLE_OBJC_ARC = YES;
				CLANG_WARN_BOOL_CONVERSION = YES;
				CLANG_WARN_CONSTANT_CONVERSION = YES;
				CLANG_WARN_DIRECT_OBJC_ISA_USAGE = YES_ERROR;
				CLANG_WARN_EMPTY_BODY = YES;
				CLANG_WARN_ENUM_CONVERSION = YES;
				CLANG_WARN_INT_CONVERSION = YES;
				CLANG_WARN_OBJC_ROOT_CLASS = YES_ERROR;
				CLANG_WARN_UNREACHABLE_CODE = YES;
				CLANG_WARN__DUPLICATE_METHOD_MATCH = YES;
				"CODE_SIGN_IDENTITY[sdk=iphoneos*]" = "iPhone Developer";
				COPY_PHASE_STRIP = NO;
				DEBUG_INFORMATION_FORMAT = "dwarf-with-dsym";
				ENABLE_NS_ASSERTIONS = NO;
				ENABLE_STRICT_OBJC_MSGSEND = YES;
				GCC_C_LANGUAGE_STANDARD = gnu99;
				GCC_NO_COMMON_BLOCKS = YES;
				GCC_WARN_64_TO_32_BIT_CONVERSION = YES;
				GCC_WARN_ABOUT_RETURN_TYPE = YES_ERROR;
				GCC_WARN_UNDECLARED_SELECTOR = YES;
				GCC_WARN_UNINITIALIZED_AUTOS = YES_AGGRESSIVE;
				GCC_WARN_UNUSED_FUNCTION = YES;
				GCC_WARN_UNUSED_VARIABLE = YES;
				IPHONEOS_DEPLOYMENT_TARGET = 9.3;
				MTL_ENABLE_DEBUG_INFO = NO;
				SDKROOT = iphoneos;
				VALIDATE_PRODUCT = YES;
			};
			name = Release;
		};
		9DC2B42D1D18D13900FA794E /* Debug */ = {
			isa = XCBuildConfiguration;
			buildSettings = {
				ASSETCATALOG_COMPILER_APPICON_NAME = AppIcon;
				CODE_SIGN_IDENTITY = "iPhone Developer";
				ENABLE_BITCODE = YES;
				INFOPLIST_FILE = weiboSDKDemo/Info.plist;
				IPHONEOS_DEPLOYMENT_TARGET = 8.4;
				LD_RUNPATH_SEARCH_PATHS = "$(inherited) @executable_path/Frameworks";
				LIBRARY_SEARCH_PATHS = (
					"$(inherited)",
					"$(PROJECT_DIR)/weiboSDKDemo/weiboSdk",
				);
				OTHER_LDFLAGS = "-all_load";
				PRODUCT_BUNDLE_IDENTIFIER = com.sizzee.plus;
				PRODUCT_NAME = "$(TARGET_NAME)";
			};
			name = Debug;
		};
		9DC2B42E1D18D13900FA794E /* Release */ = {
			isa = XCBuildConfiguration;
			buildSettings = {
				ASSETCATALOG_COMPILER_APPICON_NAME = AppIcon;
				CODE_SIGN_IDENTITY = "iPhone Developer";
				ENABLE_BITCODE = YES;
				INFOPLIST_FILE = weiboSDKDemo/Info.plist;
				IPHONEOS_DEPLOYMENT_TARGET = 8.4;
				LD_RUNPATH_SEARCH_PATHS = "$(inherited) @executable_path/Frameworks";
				LIBRARY_SEARCH_PATHS = (
					"$(inherited)",
					"$(PROJECT_DIR)/weiboSDKDemo/weiboSdk",
				);
				OTHER_LDFLAGS = "-all_load";
				PRODUCT_BUNDLE_IDENTIFIER = com.sizzee.plus;
				PRODUCT_NAME = "$(TARGET_NAME)";
			};
			name = Release;
		};
		9DC2B4301D18D13900FA794E /* Debug */ = {
			isa = XCBuildConfiguration;
			buildSettings = {
				BUNDLE_LOADER = "$(TEST_HOST)";
				INFOPLIST_FILE = weiboSDKDemoTests/Info.plist;
				LD_RUNPATH_SEARCH_PATHS = "$(inherited) @executable_path/Frameworks @loader_path/Frameworks";
				PRODUCT_BUNDLE_IDENTIFIER = ZGR.weiboSDKDemoTests;
				PRODUCT_NAME = "$(TARGET_NAME)";
				TEST_HOST = "$(BUILT_PRODUCTS_DIR)/weiboSDKDemo.app/weiboSDKDemo";
			};
			name = Debug;
		};
		9DC2B4311D18D13900FA794E /* Release */ = {
			isa = XCBuildConfiguration;
			buildSettings = {
				BUNDLE_LOADER = "$(TEST_HOST)";
				INFOPLIST_FILE = weiboSDKDemoTests/Info.plist;
				LD_RUNPATH_SEARCH_PATHS = "$(inherited) @executable_path/Frameworks @loader_path/Frameworks";
				PRODUCT_BUNDLE_IDENTIFIER = ZGR.weiboSDKDemoTests;
				PRODUCT_NAME = "$(TARGET_NAME)";
				TEST_HOST = "$(BUILT_PRODUCTS_DIR)/weiboSDKDemo.app/weiboSDKDemo";
			};
			name = Release;
		};
		9DC2B4331D18D13900FA794E /* Debug */ = {
			isa = XCBuildConfiguration;
			buildSettings = {
				INFOPLIST_FILE = weiboSDKDemoUITests/Info.plist;
				LD_RUNPATH_SEARCH_PATHS = "$(inherited) @executable_path/Frameworks @loader_path/Frameworks";
				PRODUCT_BUNDLE_IDENTIFIER = ZGR.weiboSDKDemoUITests;
				PRODUCT_NAME = "$(TARGET_NAME)";
				TEST_TARGET_NAME = weiboSDKDemo;
			};
			name = Debug;
		};
		9DC2B4341D18D13900FA794E /* Release */ = {
			isa = XCBuildConfiguration;
			buildSettings = {
				INFOPLIST_FILE = weiboSDKDemoUITests/Info.plist;
				LD_RUNPATH_SEARCH_PATHS = "$(inherited) @executable_path/Frameworks @loader_path/Frameworks";
				PRODUCT_BUNDLE_IDENTIFIER = ZGR.weiboSDKDemoUITests;
				PRODUCT_NAME = "$(TARGET_NAME)";
				TEST_TARGET_NAME = weiboSDKDemo;
			};
			name = Release;
		};
/* End XCBuildConfiguration section */

/* Begin XCConfigurationList section */
		9DC2B3FA1D18D13800FA794E /* Build configuration list for PBXProject "weiboSDKDemo" */ = {
			isa = XCConfigurationList;
			buildConfigurations = (
				9DC2B42A1D18D13900FA794E /* Debug */,
				9DC2B42B1D18D13900FA794E /* Release */,
			);
			defaultConfigurationIsVisible = 0;
			defaultConfigurationName = Release;
		};
		9DC2B42C1D18D13900FA794E /* Build configuration list for PBXNativeTarget "weiboSDKDemo" */ = {
			isa = XCConfigurationList;
			buildConfigurations = (
				9DC2B42D1D18D13900FA794E /* Debug */,
				9DC2B42E1D18D13900FA794E /* Release */,
			);
			defaultConfigurationIsVisible = 0;
			defaultConfigurationName = Release;
		};
		9DC2B42F1D18D13900FA794E /* Build configuration list for PBXNativeTarget "weiboSDKDemoTests" */ = {
			isa = XCConfigurationList;
			buildConfigurations = (
				9DC2B4301D18D13900FA794E /* Debug */,
				9DC2B4311D18D13900FA794E /* Release */,
			);
			defaultConfigurationIsVisible = 0;
			defaultConfigurationName = Release;
		};
		9DC2B4321D18D13900FA794E /* Build configuration list for PBXNativeTarget "weiboSDKDemoUITests" */ = {
			isa = XCConfigurationList;
			buildConfigurations = (
				9DC2B4331D18D13900FA794E /* Debug */,
				9DC2B4341D18D13900FA794E /* Release */,
			);
			defaultConfigurationIsVisible = 0;
			defaultConfigurationName = Release;
		};
/* End XCConfigurationList section */
	};
	rootObject = 9DC2B3F71D18D13800FA794E /* Project object */;
}
